
Microsoft Visual Studio Solution File, Format Version 12.00
# Visual Studio Version 17
VisualStudioVersion = 17.5.002.0
MinimumVisualStudioVersion = 10.0.40219.1
Project("{9A19103F-16F7-4668-BE54-9A1E7A4F7556}") = "AEBackend", "AEBackend\AEBackend.csproj", "{43F8FC91-4B7A-472C-B4B2-3B1B31C87D3A}"
EndProject
Project("{9A19103F-16F7-4668-BE54-9A1E7A4F7556}") = "AEBackend.Tests", "AEBackend.Tests\AEBackend.Tests.csproj", "{8C22A2EC-1F05-4DF1-B003-3A8E96DEC2E1}"
EndProject
Global
	GlobalSection(SolutionConfigurationPlatforms) = preSolution
		Debug|Any CPU = Debug|Any CPU
		Release|Any CPU = Release|Any CPU
	EndGlobalSection
	GlobalSection(ProjectConfigurationPlatforms) = postSolution
		{43F8FC91-4B7A-472C-B4B2-3B1B31C87D3A}.Debug|Any CPU.ActiveCfg = Debug|Any CPU
		{43F8FC91-4B7A-472C-B4B2-3B1B31C87D3A}.Debug|Any CPU.Build.0 = Debug|Any CPU
		{43F8FC91-4B7A-472C-B4B2-3B1B31C87D3A}.Release|Any CPU.ActiveCfg = Release|Any CPU
		{43F8FC91-4B7A-472C-B4B2-3B1B31C87D3A}.Release|Any CPU.Build.0 = Release|Any CPU
		{8C22A2EC-1F05-4DF1-B003-3A8E96DEC2E1}.Debug|Any CPU.ActiveCfg = Debug|Any CPU
		{8C22A2EC-1F05-4DF1-B003-3A8E96DEC2E1}.Debug|Any CPU.Build.0 = Debug|Any CPU
		{8C22A2EC-1F05-4DF1-B003-3A8E96DEC2E1}.Release|Any CPU.ActiveCfg = Release|Any CPU
		{8C22A2EC-1F05-4DF1-B003-3A8E96DEC2E1}.Release|Any CPU.Build.0 = Release|Any CPU
	EndGlobalSection
	GlobalSection(SolutionProperties) = preSolution
		HideSolutionNode = FALSE
	EndGlobalSection
	GlobalSection(ExtensibilityGlobals) = postSolution
		SolutionGuid = {FDD8D48C-924B-4B02-BB7F-15F19197A923}
	EndGlobalSection
EndGlobal
