
Microsoft Visual Studio Solution File, Format Version 12.00
# Visual Studio Version 17
VisualStudioVersion = 17.5.002.0
MinimumVisualStudioVersion = 10.0.40219.1
Project("{9A19103F-16F7-4668-BE54-9A1E7A4F7556}") = "AEBackend", "AEBackend\AEBackend.csproj", "{0CCA4BBF-82D2-4E6E-B05E-B7FEDFD214B4}"
EndProject
Project("{9A19103F-16F7-4668-BE54-9A1E7A4F7556}") = "AEBackend.Tests", "AEBackend.Tests\AEBackend.Tests.csproj", "{B4C5D8AA-446E-4C21-837E-4A01507E5191}"
EndProject
Global
	GlobalSection(SolutionConfigurationPlatforms) = preSolution
		Debug|Any CPU = Debug|Any CPU
		Release|Any CPU = Release|Any CPU
	EndGlobalSection
	GlobalSection(ProjectConfigurationPlatforms) = postSolution
		{0CCA4BBF-82D2-4E6E-B05E-B7FEDFD214B4}.Debug|Any CPU.ActiveCfg = Debug|Any CPU
		{0CCA4BBF-82D2-4E6E-B05E-B7FEDFD214B4}.Debug|Any CPU.Build.0 = Debug|Any CPU
		{0CCA4BBF-82D2-4E6E-B05E-B7FEDFD214B4}.Release|Any CPU.ActiveCfg = Release|Any CPU
		{0CCA4BBF-82D2-4E6E-B05E-B7FEDFD214B4}.Release|Any CPU.Build.0 = Release|Any CPU
		{B4C5D8AA-446E-4C21-837E-4A01507E5191}.Debug|Any CPU.ActiveCfg = Debug|Any CPU
		{B4C5D8AA-446E-4C21-837E-4A01507E5191}.Debug|Any CPU.Build.0 = Debug|Any CPU
		{B4C5D8AA-446E-4C21-837E-4A01507E5191}.Release|Any CPU.ActiveCfg = Release|Any CPU
		{B4C5D8AA-446E-4C21-837E-4A01507E5191}.Release|Any CPU.Build.0 = Release|Any CPU
	EndGlobalSection
	GlobalSection(SolutionProperties) = preSolution
		HideSolutionNode = FALSE
	EndGlobalSection
	GlobalSection(ExtensibilityGlobals) = postSolution
		SolutionGuid = {FDD8D48C-924B-4B02-BB7F-15F19197A923}
	EndGlobalSection
EndGlobal
